
Microsoft Visual Studio Solution File, Format Version 12.00
# Visual Studio Version 17
VisualStudioVersion = 17.14.36401.2 d17.14
MinimumVisualStudioVersion = 10.0.40219.1
Project("{FAE04EC0-301F-11D3-BF4B-00C04F79EFBC}") = "Hospital Mangement System", "Hospital Mangement System\Hospital Mangement System.csproj", "{6FC82118-1208-4CD1-8BAF-04A695F06852}"
EndProject
Global
	GlobalSection(SolutionConfigurationPlatforms) = preSolution
		Debug|Any CPU = Debug|Any CPU
		Release|Any CPU = Release|Any CPU
	EndGlobalSection
	GlobalSection(ProjectConfigurationPlatforms) = postSolution
		{6FC82118-1208-4CD1-8BAF-04A695F06852}.Debug|Any CPU.ActiveCfg = Debug|Any CPU
		{6FC82118-1208-4CD1-8BAF-04A695F06852}.Debug|Any CPU.Build.0 = Debug|Any CPU
		{6FC82118-1208-4CD1-8BAF-04A695F06852}.Release|Any CPU.ActiveCfg = Release|Any CPU
		{6FC82118-1208-4CD1-8BAF-04A695F06852}.Release|Any CPU.Build.0 = Release|Any CPU
	EndGlobalSection
	GlobalSection(SolutionProperties) = preSolution
		HideSolutionNode = FALSE
	EndGlobalSection
	GlobalSection(ExtensibilityGlobals) = postSolution
		SolutionGuid = {2EA2DC44-FE38-4860-B020-82459302B4C0}
	EndGlobalSection
EndGlobal
